
Microsoft Visual Studio Solution File, Format Version 12.00
# Visual Studio Version 17
VisualStudioVersion = 17.6.33815.320
MinimumVisualStudioVersion = 10.0.40219.1
Project("{FAE04EC0-301F-11D3-BF4B-00C04F79EFBC}") = "Tranportation", "Tranportation\Tranportation.csproj", "{D3863B78-D459-4CB3-94EC-71CD31A003CA}"
EndProject
Global
	GlobalSection(SolutionConfigurationPlatforms) = preSolution
		Debug|Any CPU = Debug|Any CPU
		Release|Any CPU = Release|Any CPU
	EndGlobalSection
	GlobalSection(ProjectConfigurationPlatforms) = postSolution
		{D3863B78-D459-4CB3-94EC-71CD31A003CA}.Debug|Any CPU.ActiveCfg = Debug|Any CPU
		{D3863B78-D459-4CB3-94EC-71CD31A003CA}.Debug|Any CPU.Build.0 = Debug|Any CPU
		{D3863B78-D459-4CB3-94EC-71CD31A003CA}.Release|Any CPU.ActiveCfg = Release|Any CPU
		{D3863B78-D459-4CB3-94EC-71CD31A003CA}.Release|Any CPU.Build.0 = Release|Any CPU
	EndGlobalSection
	GlobalSection(SolutionProperties) = preSolution
		HideSolutionNode = FALSE
	EndGlobalSection
	GlobalSection(ExtensibilityGlobals) = postSolution
		SolutionGuid = {304204C7-1B5D-42C6-A600-3E0A7F8461D0}
	EndGlobalSection
EndGlobal
